
Microsoft Visual Studio Solution File, Format Version 12.00
# Visual Studio Version 16
VisualStudioVersion = 16.0.34601.136
MinimumVisualStudioVersion = 10.0.40219.1
Project("{D2ABAB84-BF74-430A-B69E-9DC6D40DDA17}") = "ProyectoFase2_SSAS", "ProyectoFase2_SSAS.dwproj", "{3EA4AE9D-45F3-49BA-9333-CF8FA5043BBA}"
EndProject
Global
	GlobalSection(SolutionConfigurationPlatforms) = preSolution
		Development|Default = Development|Default
	EndGlobalSection
	GlobalSection(ProjectConfigurationPlatforms) = postSolution
		{3EA4AE9D-45F3-49BA-9333-CF8FA5043BBA}.Development|Default.ActiveCfg = Development
		{3EA4AE9D-45F3-49BA-9333-CF8FA5043BBA}.Development|Default.Build.0 = Development
		{3EA4AE9D-45F3-49BA-9333-CF8FA5043BBA}.Development|Default.Deploy.0 = Development
	EndGlobalSection
	GlobalSection(SolutionProperties) = preSolution
		HideSolutionNode = FALSE
	EndGlobalSection
	GlobalSection(ExtensibilityGlobals) = postSolution
		SolutionGuid = {EE5381BB-27F0-445C-8039-2F848E5B9F1A}
	EndGlobalSection
EndGlobal
